
Microsoft Visual Studio Solution File, Format Version 12.00
# Visual Studio 15
VisualStudioVersion = 15.0.27428.2027
MinimumVisualStudioVersion = 10.0.40219.1
Project("{FAE04EC0-301F-11D3-BF4B-00C04F79EFBC}") = "EmptyDotNetCore", "EmptyDotNetCore\EmptyDotNetCore.csproj", "{FECCC8F0-8039-4962-91F3-E473FA1A9405}"
EndProject
Global
	GlobalSection(SolutionConfigurationPlatforms) = preSolution
		Debug|Any CPU = Debug|Any CPU
		Release|Any CPU = Release|Any CPU
	EndGlobalSection
	GlobalSection(ProjectConfigurationPlatforms) = postSolution
		{FECCC8F0-8039-4962-91F3-E473FA1A9405}.Debug|Any CPU.ActiveCfg = Debug|Any CPU
		{FECCC8F0-8039-4962-91F3-E473FA1A9405}.Debug|Any CPU.Build.0 = Debug|Any CPU
		{FECCC8F0-8039-4962-91F3-E473FA1A9405}.Release|Any CPU.ActiveCfg = Release|Any CPU
		{FECCC8F0-8039-4962-91F3-E473FA1A9405}.Release|Any CPU.Build.0 = Release|Any CPU
	EndGlobalSection
	GlobalSection(SolutionProperties) = preSolution
		HideSolutionNode = FALSE
	EndGlobalSection
	GlobalSection(ExtensibilityGlobals) = postSolution
		SolutionGuid = {10DDF491-3514-4DA2-B790-DEB40F27D5FB}
	EndGlobalSection
EndGlobal
